
Microsoft Visual Studio Solution File, Format Version 12.00
# Visual Studio Version 16
VisualStudioVersion = 16.0.31424.327
MinimumVisualStudioVersion = 10.0.40219.1
Project("{9A19103F-16F7-4668-BE54-9A1E7A4F7556}") = "VisAcc", "VisAcc.csproj", "{DEE715B8-3A8D-41CF-BD87-88B4F71CCBCD}"
EndProject
Global
	GlobalSection(SolutionConfigurationPlatforms) = preSolution
		Debug|Any CPU = Debug|Any CPU
		Release|Any CPU = Release|Any CPU
	EndGlobalSection
	GlobalSection(ProjectConfigurationPlatforms) = postSolution
		{DEE715B8-3A8D-41CF-BD87-88B4F71CCBCD}.Debug|Any CPU.ActiveCfg = Debug|Any CPU
		{DEE715B8-3A8D-41CF-BD87-88B4F71CCBCD}.Debug|Any CPU.Build.0 = Debug|Any CPU
		{DEE715B8-3A8D-41CF-BD87-88B4F71CCBCD}.Release|Any CPU.ActiveCfg = Release|Any CPU
		{DEE715B8-3A8D-41CF-BD87-88B4F71CCBCD}.Release|Any CPU.Build.0 = Release|Any CPU
	EndGlobalSection
	GlobalSection(SolutionProperties) = preSolution
		HideSolutionNode = FALSE
	EndGlobalSection
	GlobalSection(ExtensibilityGlobals) = postSolution
		SolutionGuid = {46452AAA-92A2-43C4-8BD4-AB641133ACA8}
	EndGlobalSection
EndGlobal
